
Microsoft Visual Studio Solution File, Format Version 12.00
# Visual Studio Version 16
VisualStudioVersion = 16.0.29613.14
MinimumVisualStudioVersion = 10.0.40219.1
Project("{FAE04EC0-301F-11D3-BF4B-00C04F79EFBC}") = "ATM_Dashboard1", "ATM_Dashboard1\ATM_Dashboard1.csproj", "{A99B42E9-BC88-42B2-97AC-41D9049F9CF6}"
EndProject
Global
	GlobalSection(SolutionConfigurationPlatforms) = preSolution
		Debug|Any CPU = Debug|Any CPU
		Release|Any CPU = Release|Any CPU
	EndGlobalSection
	GlobalSection(ProjectConfigurationPlatforms) = postSolution
		{A99B42E9-BC88-42B2-97AC-41D9049F9CF6}.Debug|Any CPU.ActiveCfg = Debug|Any CPU
		{A99B42E9-BC88-42B2-97AC-41D9049F9CF6}.Debug|Any CPU.Build.0 = Debug|Any CPU
		{A99B42E9-BC88-42B2-97AC-41D9049F9CF6}.Release|Any CPU.ActiveCfg = Release|Any CPU
		{A99B42E9-BC88-42B2-97AC-41D9049F9CF6}.Release|Any CPU.Build.0 = Release|Any CPU
	EndGlobalSection
	GlobalSection(SolutionProperties) = preSolution
		HideSolutionNode = FALSE
	EndGlobalSection
	GlobalSection(ExtensibilityGlobals) = postSolution
		SolutionGuid = {1FBB70C3-D4AA-487E-8950-F9BCF473E8AA}
	EndGlobalSection
EndGlobal
